// !$*UTF8*$!
{
	archiveVersion = 1;
	classes = {
	};
	objectVersion = 56;
	objects = {

/* Begin PBXBuildFile section */
		9AABDA8629E0601F0006A9D4 /* ColorsApp.swift in Sources */ = {isa = PBXBuildFile; fileRef = 9AABDA8529E0601F0006A9D4 /* ColorsApp.swift */; };
		9AABDA8A29E063AE0006A9D4 /* SplashPresenter.swift in Sources */ = {isa = PBXBuildFile; fileRef = 9AABDA8929E063AE0006A9D4 /* SplashPresenter.swift */; };
		9AABDA8C29E063C90006A9D4 /* SplashFactory.swift in Sources */ = {isa = PBXBuildFile; fileRef = 9AABDA8B29E063C90006A9D4 /* SplashFactory.swift */; };
		9AABDA8E29E063E90006A9D4 /* SplashInteractor.swift in Sources */ = {isa = PBXBuildFile; fileRef = 9AABDA8D29E063E90006A9D4 /* SplashInteractor.swift */; };
		9AABDA9029E064DC0006A9D4 /* ViewControllerProtocolsVip.swift in Sources */ = {isa = PBXBuildFile; fileRef = 9AABDA8F29E064DC0006A9D4 /* ViewControllerProtocolsVip.swift */; };
		9AABDA9229E0662C0006A9D4 /* SplashRouter.swift in Sources */ = {isa = PBXBuildFile; fileRef = 9AABDA9129E0662C0006A9D4 /* SplashRouter.swift */; };
		9AABDA9429E07AE60006A9D4 /* FeedController.swift in Sources */ = {isa = PBXBuildFile; fileRef = 9AABDA9329E07AE60006A9D4 /* FeedController.swift */; };
		9AABDA9629E07DD60006A9D4 /* SetupAppBar.swift in Sources */ = {isa = PBXBuildFile; fileRef = 9AABDA9529E07DD60006A9D4 /* SetupAppBar.swift */; };
		9AF8689B29E05DF8000153A9 /* AppDelegate.swift in Sources */ = {isa = PBXBuildFile; fileRef = 9AF8689A29E05DF8000153A9 /* AppDelegate.swift */; };
		9AF8689D29E05DF8000153A9 /* SceneDelegate.swift in Sources */ = {isa = PBXBuildFile; fileRef = 9AF8689C29E05DF8000153A9 /* SceneDelegate.swift */; };
		9AF8689F29E05DF8000153A9 /* SplashViewController.swift in Sources */ = {isa = PBXBuildFile; fileRef = 9AF8689E29E05DF8000153A9 /* SplashViewController.swift */; };
		9AF868A429E05DF9000153A9 /* Assets.xcassets in Resources */ = {isa = PBXBuildFile; fileRef = 9AF868A329E05DF9000153A9 /* Assets.xcassets */; };
/* End PBXBuildFile section */

/* Begin PBXFileReference section */
		9AABDA8529E0601F0006A9D4 /* ColorsApp.swift */ = {isa = PBXFileReference; lastKnownFileType = sourcecode.swift; path = ColorsApp.swift; sourceTree = "<group>"; };
		9AABDA8929E063AE0006A9D4 /* SplashPresenter.swift */ = {isa = PBXFileReference; lastKnownFileType = sourcecode.swift; path = SplashPresenter.swift; sourceTree = "<group>"; };
		9AABDA8B29E063C90006A9D4 /* SplashFactory.swift */ = {isa = PBXFileReference; lastKnownFileType = sourcecode.swift; path = SplashFactory.swift; sourceTree = "<group>"; };
		9AABDA8D29E063E90006A9D4 /* SplashInteractor.swift */ = {isa = PBXFileReference; lastKnownFileType = sourcecode.swift; path = SplashInteractor.swift; sourceTree = "<group>"; };
		9AABDA8F29E064DC0006A9D4 /* ViewControllerProtocolsVip.swift */ = {isa = PBXFileReference; lastKnownFileType = sourcecode.swift; path = ViewControllerProtocolsVip.swift; sourceTree = "<group>"; };
		9AABDA9129E0662C0006A9D4 /* SplashRouter.swift */ = {isa = PBXFileReference; lastKnownFileType = sourcecode.swift; path = SplashRouter.swift; sourceTree = "<group>"; };
		9AABDA9329E07AE60006A9D4 /* FeedController.swift */ = {isa = PBXFileReference; lastKnownFileType = sourcecode.swift; path = FeedController.swift; sourceTree = "<group>"; };
		9AABDA9529E07DD60006A9D4 /* SetupAppBar.swift */ = {isa = PBXFileReference; lastKnownFileType = sourcecode.swift; path = SetupAppBar.swift; sourceTree = "<group>"; };
		9AF8689729E05DF8000153A9 /* Safra.app */ = {isa = PBXFileReference; explicitFileType = wrapper.application; includeInIndex = 0; path = Safra.app; sourceTree = BUILT_PRODUCTS_DIR; };
		9AF8689A29E05DF8000153A9 /* AppDelegate.swift */ = {isa = PBXFileReference; lastKnownFileType = sourcecode.swift; path = AppDelegate.swift; sourceTree = "<group>"; };
		9AF8689C29E05DF8000153A9 /* SceneDelegate.swift */ = {isa = PBXFileReference; lastKnownFileType = sourcecode.swift; path = SceneDelegate.swift; sourceTree = "<group>"; };
		9AF8689E29E05DF8000153A9 /* SplashViewController.swift */ = {isa = PBXFileReference; lastKnownFileType = sourcecode.swift; path = SplashViewController.swift; sourceTree = "<group>"; };
		9AF868A329E05DF9000153A9 /* Assets.xcassets */ = {isa = PBXFileReference; lastKnownFileType = folder.assetcatalog; path = Assets.xcassets; sourceTree = "<group>"; };
		9AF868A829E05DF9000153A9 /* Info.plist */ = {isa = PBXFileReference; lastKnownFileType = text.plist.xml; path = Info.plist; sourceTree = "<group>"; };
/* End PBXFileReference section */

/* Begin PBXFrameworksBuildPhase section */
		9AF8689429E05DF8000153A9 /* Frameworks */ = {
			isa = PBXFrameworksBuildPhase;
			buildActionMask = 2147483647;
			files = (
			);
			runOnlyForDeploymentPostprocessing = 0;
		};
/* End PBXFrameworksBuildPhase section */

/* Begin PBXGroup section */
		9AABDA8429E060140006A9D4 /* Utils */ = {
			isa = PBXGroup;
			children = (
				9AF868A329E05DF9000153A9 /* Assets.xcassets */,
				9AABDA8529E0601F0006A9D4 /* ColorsApp.swift */,
				9AABDA8F29E064DC0006A9D4 /* ViewControllerProtocolsVip.swift */,
				9AABDA9529E07DD60006A9D4 /* SetupAppBar.swift */,
			);
			path = Utils;
			sourceTree = "<group>";
		};
		9AABDA8729E063950006A9D4 /* Splash */ = {
			isa = PBXGroup;
			children = (
				9AF8689E29E05DF8000153A9 /* SplashViewController.swift */,
				9AABDA8D29E063E90006A9D4 /* SplashInteractor.swift */,
				9AABDA8929E063AE0006A9D4 /* SplashPresenter.swift */,
				9AABDA9129E0662C0006A9D4 /* SplashRouter.swift */,
				9AABDA8B29E063C90006A9D4 /* SplashFactory.swift */,
			);
			path = Splash;
			sourceTree = "<group>";
		};
		9AABDA9729E0D0540006A9D4 /* Feed */ = {
			isa = PBXGroup;
			children = (
				9AABDA9329E07AE60006A9D4 /* FeedController.swift */,
			);
			path = Feed;
			sourceTree = "<group>";
		};
		9AF8688E29E05DF8000153A9 = {
			isa = PBXGroup;
			children = (
				9AF8689929E05DF8000153A9 /* bank-safra-ios-mobile */,
				9AF8689829E05DF8000153A9 /* Products */,
			);
			sourceTree = "<group>";
		};
		9AF8689829E05DF8000153A9 /* Products */ = {
			isa = PBXGroup;
			children = (
				9AF8689729E05DF8000153A9 /* Safra.app */,
			);
			name = Products;
			sourceTree = "<group>";
		};
		9AF8689929E05DF8000153A9 /* bank-safra-ios-mobile */ = {
			isa = PBXGroup;
			children = (
				9AABDA8729E063950006A9D4 /* Splash */,
				9AABDA9729E0D0540006A9D4 /* Feed */,
				9AABDA8429E060140006A9D4 /* Utils */,
				9AF8689A29E05DF8000153A9 /* AppDelegate.swift */,
				9AF8689C29E05DF8000153A9 /* SceneDelegate.swift */,
				9AF868A829E05DF9000153A9 /* Info.plist */,
			);
			path = "bank-safra-ios-mobile";
			sourceTree = "<group>";
		};
/* End PBXGroup section */

/* Begin PBXNativeTarget section */
		9AF8689629E05DF8000153A9 /* bank-safra-ios-mobile */ = {
			isa = PBXNativeTarget;
			buildConfigurationList = 9AF868AB29E05DF9000153A9 /* Build configuration list for PBXNativeTarget "bank-safra-ios-mobile" */;
			buildPhases = (
				9AF8689329E05DF8000153A9 /* Sources */,
				9AF8689429E05DF8000153A9 /* Frameworks */,
				9AF8689529E05DF8000153A9 /* Resources */,
			);
			buildRules = (
			);
			dependencies = (
			);
			name = "bank-safra-ios-mobile";
			productName = "bank-safra-ios-mobile";
			productReference = 9AF8689729E05DF8000153A9 /* Safra.app */;
			productType = "com.apple.product-type.application";
		};
/* End PBXNativeTarget section */

/* Begin PBXProject section */
		9AF8688F29E05DF8000153A9 /* Project object */ = {
			isa = PBXProject;
			attributes = {
				BuildIndependentTargetsInParallel = 1;
				LastSwiftUpdateCheck = 1420;
				LastUpgradeCheck = 1420;
				TargetAttributes = {
					9AF8689629E05DF8000153A9 = {
						CreatedOnToolsVersion = 14.2;
					};
				};
			};
			buildConfigurationList = 9AF8689229E05DF8000153A9 /* Build configuration list for PBXProject "bank-safra-ios-mobile" */;
			compatibilityVersion = "Xcode 14.0";
			developmentRegion = en;
			hasScannedForEncodings = 0;
			knownRegions = (
				en,
				Base,
			);
			mainGroup = 9AF8688E29E05DF8000153A9;
			productRefGroup = 9AF8689829E05DF8000153A9 /* Products */;
			projectDirPath = "";
			projectRoot = "";
			targets = (
				9AF8689629E05DF8000153A9 /* bank-safra-ios-mobile */,
			);
		};
/* End PBXProject section */

/* Begin PBXResourcesBuildPhase section */
		9AF8689529E05DF8000153A9 /* Resources */ = {
			isa = PBXResourcesBuildPhase;
			buildActionMask = 2147483647;
			files = (
				9AF868A429E05DF9000153A9 /* Assets.xcassets in Resources */,
			);
			runOnlyForDeploymentPostprocessing = 0;
		};
/* End PBXResourcesBuildPhase section */

/* Begin PBXSourcesBuildPhase section */
		9AF8689329E05DF8000153A9 /* Sources */ = {
			isa = PBXSourcesBuildPhase;
			buildActionMask = 2147483647;
			files = (
				9AF8689F29E05DF8000153A9 /* SplashViewController.swift in Sources */,
				9AABDA8E29E063E90006A9D4 /* SplashInteractor.swift in Sources */,
				9AABDA8C29E063C90006A9D4 /* SplashFactory.swift in Sources */,
				9AABDA8A29E063AE0006A9D4 /* SplashPresenter.swift in Sources */,
				9AABDA9629E07DD60006A9D4 /* SetupAppBar.swift in Sources */,
				9AABDA8629E0601F0006A9D4 /* ColorsApp.swift in Sources */,
				9AABDA9429E07AE60006A9D4 /* FeedController.swift in Sources */,
				9AF8689B29E05DF8000153A9 /* AppDelegate.swift in Sources */,
				9AF8689D29E05DF8000153A9 /* SceneDelegate.swift in Sources */,
				9AABDA9229E0662C0006A9D4 /* SplashRouter.swift in Sources */,
				9AABDA9029E064DC0006A9D4 /* ViewControllerProtocolsVip.swift in Sources */,
			);
			runOnlyForDeploymentPostprocessing = 0;
		};
/* End PBXSourcesBuildPhase section */

/* Begin XCBuildConfiguration section */
		9AF868A929E05DF9000153A9 /* Debug */ = {
			isa = XCBuildConfiguration;
			buildSettings = {
				ALWAYS_SEARCH_USER_PATHS = NO;
				CLANG_ANALYZER_NONNULL = YES;
				CLANG_ANALYZER_NUMBER_OBJECT_CONVERSION = YES_AGGRESSIVE;
				CLANG_CXX_LANGUAGE_STANDARD = "gnu++20";
				CLANG_ENABLE_MODULES = YES;
				CLANG_ENABLE_OBJC_ARC = YES;
				CLANG_ENABLE_OBJC_WEAK = YES;
				CLANG_WARN_BLOCK_CAPTURE_AUTORELEASING = YES;
				CLANG_WARN_BOOL_CONVERSION = YES;
				CLANG_WARN_COMMA = YES;
				CLANG_WARN_CONSTANT_CONVERSION = YES;
				CLANG_WARN_DEPRECATED_OBJC_IMPLEMENTATIONS = YES;
				CLANG_WARN_DIRECT_OBJC_ISA_USAGE = YES_ERROR;
				CLANG_WARN_DOCUMENTATION_COMMENTS = YES;
				CLANG_WARN_EMPTY_BODY = YES;
				CLANG_WARN_ENUM_CONVERSION = YES;
				CLANG_WARN_INFINITE_RECURSION = YES;
				CLANG_WARN_INT_CONVERSION = YES;
				CLANG_WARN_NON_LITERAL_NULL_CONVERSION = YES;
				CLANG_WARN_OBJC_IMPLICIT_RETAIN_SELF = YES;
				CLANG_WARN_OBJC_LITERAL_CONVERSION = YES;
				CLANG_WARN_OBJC_ROOT_CLASS = YES_ERROR;
				CLANG_WARN_QUOTED_INCLUDE_IN_FRAMEWORK_HEADER = YES;
				CLANG_WARN_RANGE_LOOP_ANALYSIS = YES;
				CLANG_WARN_STRICT_PROTOTYPES = YES;
				CLANG_WARN_SUSPICIOUS_MOVE = YES;
				CLANG_WARN_UNGUARDED_AVAILABILITY = YES_AGGRESSIVE;
				CLANG_WARN_UNREACHABLE_CODE = YES;
				CLANG_WARN__DUPLICATE_METHOD_MATCH = YES;
				COPY_PHASE_STRIP = NO;
				DEBUG_INFORMATION_FORMAT = dwarf;
				ENABLE_STRICT_OBJC_MSGSEND = YES;
				ENABLE_TESTABILITY = YES;
				GCC_C_LANGUAGE_STANDARD = gnu11;
				GCC_DYNAMIC_NO_PIC = NO;
				GCC_NO_COMMON_BLOCKS = YES;
				GCC_OPTIMIZATION_LEVEL = 0;
				GCC_PREPROCESSOR_DEFINITIONS = (
					"DEBUG=1",
					"$(inherited)",
				);
				GCC_WARN_64_TO_32_BIT_CONVERSION = YES;
				GCC_WARN_ABOUT_RETURN_TYPE = YES_ERROR;
				GCC_WARN_UNDECLARED_SELECTOR = YES;
				GCC_WARN_UNINITIALIZED_AUTOS = YES_AGGRESSIVE;
				GCC_WARN_UNUSED_FUNCTION = YES;
				GCC_WARN_UNUSED_VARIABLE = YES;
				IPHONEOS_DEPLOYMENT_TARGET = 16.2;
				MTL_ENABLE_DEBUG_INFO = INCLUDE_SOURCE;
				MTL_FAST_MATH = YES;
				ONLY_ACTIVE_ARCH = YES;
				SDKROOT = iphoneos;
				SWIFT_ACTIVE_COMPILATION_CONDITIONS = DEBUG;
				SWIFT_OPTIMIZATION_LEVEL = "-Onone";
			};
			name = Debug;
		};
		9AF868AA29E05DF9000153A9 /* Release */ = {
			isa = XCBuildConfiguration;
			buildSettings = {
				ALWAYS_SEARCH_USER_PATHS = NO;
				CLANG_ANALYZER_NONNULL = YES;
				CLANG_ANALYZER_NUMBER_OBJECT_CONVERSION = YES_AGGRESSIVE;
				CLANG_CXX_LANGUAGE_STANDARD = "gnu++20";
				CLANG_ENABLE_MODULES = YES;
				CLANG_ENABLE_OBJC_ARC = YES;
				CLANG_ENABLE_OBJC_WEAK = YES;
				CLANG_WARN_BLOCK_CAPTURE_AUTORELEASING = YES;
				CLANG_WARN_BOOL_CONVERSION = YES;
				CLANG_WARN_COMMA = YES;
				CLANG_WARN_CONSTANT_CONVERSION = YES;
				CLANG_WARN_DEPRECATED_OBJC_IMPLEMENTATIONS = YES;
				CLANG_WARN_DIRECT_OBJC_ISA_USAGE = YES_ERROR;
				CLANG_WARN_DOCUMENTATION_COMMENTS = YES;
				CLANG_WARN_EMPTY_BODY = YES;
				CLANG_WARN_ENUM_CONVERSION = YES;
				CLANG_WARN_INFINITE_RECURSION = YES;
				CLANG_WARN_INT_CONVERSION = YES;
				CLANG_WARN_NON_LITERAL_NULL_CONVERSION = YES;
				CLANG_WARN_OBJC_IMPLICIT_RETAIN_SELF = YES;
				CLANG_WARN_OBJC_LITERAL_CONVERSION = YES;
				CLANG_WARN_OBJC_ROOT_CLASS = YES_ERROR;
				CLANG_WARN_QUOTED_INCLUDE_IN_FRAMEWORK_HEADER = YES;
				CLANG_WARN_RANGE_LOOP_ANALYSIS = YES;
				CLANG_WARN_STRICT_PROTOTYPES = YES;
				CLANG_WARN_SUSPICIOUS_MOVE = YES;
				CLANG_WARN_UNGUARDED_AVAILABILITY = YES_AGGRESSIVE;
				CLANG_WARN_UNREACHABLE_CODE = YES;
				CLANG_WARN__DUPLICATE_METHOD_MATCH = YES;
				COPY_PHASE_STRIP = NO;
				DEBUG_INFORMATION_FORMAT = "dwarf-with-dsym";
				ENABLE_NS_ASSERTIONS = NO;
				ENABLE_STRICT_OBJC_MSGSEND = YES;
				GCC_C_LANGUAGE_STANDARD = gnu11;
				GCC_NO_COMMON_BLOCKS = YES;
				GCC_WARN_64_TO_32_BIT_CONVERSION = YES;
				GCC_WARN_ABOUT_RETURN_TYPE = YES_ERROR;
				GCC_WARN_UNDECLARED_SELECTOR = YES;
				GCC_WARN_UNINITIALIZED_AUTOS = YES_AGGRESSIVE;
				GCC_WARN_UNUSED_FUNCTION = YES;
				GCC_WARN_UNUSED_VARIABLE = YES;
				IPHONEOS_DEPLOYMENT_TARGET = 16.2;
				MTL_ENABLE_DEBUG_INFO = NO;
				MTL_FAST_MATH = YES;
				SDKROOT = iphoneos;
				SWIFT_COMPILATION_MODE = wholemodule;
				SWIFT_OPTIMIZATION_LEVEL = "-O";
				VALIDATE_PRODUCT = YES;
			};
			name = Release;
		};
		9AF868AC29E05DF9000153A9 /* Debug */ = {
			isa = XCBuildConfiguration;
			buildSettings = {
				ASSETCATALOG_COMPILER_APPICON_NAME = AppIcon;
				ASSETCATALOG_COMPILER_GLOBAL_ACCENT_COLOR_NAME = AccentColor;
				CODE_SIGN_STYLE = Automatic;
				CURRENT_PROJECT_VERSION = 1;
				GENERATE_INFOPLIST_FILE = YES;
				INFOPLIST_FILE = "bank-safra-ios-mobile/Info.plist";
				INFOPLIST_KEY_UIApplicationSupportsIndirectInputEvents = YES;
				INFOPLIST_KEY_UILaunchStoryboardName = LaunchScreen;
				INFOPLIST_KEY_UIStatusBarStyle = UIStatusBarStyleLightContent;
				INFOPLIST_KEY_UISupportedInterfaceOrientations_iPad = "UIInterfaceOrientationPortrait UIInterfaceOrientationPortraitUpsideDown UIInterfaceOrientationLandscapeLeft UIInterfaceOrientationLandscapeRight";
				INFOPLIST_KEY_UISupportedInterfaceOrientations_iPhone = "UIInterfaceOrientationPortrait UIInterfaceOrientationLandscapeLeft UIInterfaceOrientationLandscapeRight";
				LD_RUNPATH_SEARCH_PATHS = (
					"$(inherited)",
					"@executable_path/Frameworks",
				);
				MARKETING_VERSION = 1.0;
				PRODUCT_BUNDLE_IDENTIFIER = Safra;
				PRODUCT_NAME = Safra;
				SWIFT_EMIT_LOC_STRINGS = YES;
				SWIFT_VERSION = 5.0;
				TARGETED_DEVICE_FAMILY = "1,2";
			};
			name = Debug;
		};
		9AF868AD29E05DF9000153A9 /* Release */ = {
			isa = XCBuildConfiguration;
			buildSettings = {
				ASSETCATALOG_COMPILER_APPICON_NAME = AppIcon;
				ASSETCATALOG_COMPILER_GLOBAL_ACCENT_COLOR_NAME = AccentColor;
				CODE_SIGN_STYLE = Automatic;
				CURRENT_PROJECT_VERSION = 1;
				GENERATE_INFOPLIST_FILE = YES;
				INFOPLIST_FILE = "bank-safra-ios-mobile/Info.plist";
				INFOPLIST_KEY_UIApplicationSupportsIndirectInputEvents = YES;
				INFOPLIST_KEY_UILaunchStoryboardName = LaunchScreen;
				INFOPLIST_KEY_UIStatusBarStyle = UIStatusBarStyleLightContent;
				INFOPLIST_KEY_UISupportedInterfaceOrientations_iPad = "UIInterfaceOrientationPortrait UIInterfaceOrientationPortraitUpsideDown UIInterfaceOrientationLandscapeLeft UIInterfaceOrientationLandscapeRight";
				INFOPLIST_KEY_UISupportedInterfaceOrientations_iPhone = "UIInterfaceOrientationPortrait UIInterfaceOrientationLandscapeLeft UIInterfaceOrientationLandscapeRight";
				LD_RUNPATH_SEARCH_PATHS = (
					"$(inherited)",
					"@executable_path/Frameworks",
				);
				MARKETING_VERSION = 1.0;
				PRODUCT_BUNDLE_IDENTIFIER = Safra;
				PRODUCT_NAME = Safra;
				SWIFT_EMIT_LOC_STRINGS = YES;
				SWIFT_VERSION = 5.0;
				TARGETED_DEVICE_FAMILY = "1,2";
			};
			name = Release;
		};
/* End XCBuildConfiguration section */

/* Begin XCConfigurationList section */
		9AF8689229E05DF8000153A9 /* Build configuration list for PBXProject "bank-safra-ios-mobile" */ = {
			isa = XCConfigurationList;
			buildConfigurations = (
				9AF868A929E05DF9000153A9 /* Debug */,
				9AF868AA29E05DF9000153A9 /* Release */,
			);
			defaultConfigurationIsVisible = 0;
			defaultConfigurationName = Release;
		};
		9AF868AB29E05DF9000153A9 /* Build configuration list for PBXNativeTarget "bank-safra-ios-mobile" */ = {
			isa = XCConfigurationList;
			buildConfigurations = (
				9AF868AC29E05DF9000153A9 /* Debug */,
				9AF868AD29E05DF9000153A9 /* Release */,
			);
			defaultConfigurationIsVisible = 0;
			defaultConfigurationName = Release;
		};
/* End XCConfigurationList section */
	};
	rootObject = 9AF8688F29E05DF8000153A9 /* Project object */;
}
